// !$*UTF8*$!
{
	archiveVersion = 1;
	classes = {
	};
	objectVersion = 51;
	objects = {

/* Begin PBXBuildFile section */
		476758DA250A6398005E726E /* AppDelegate.swift in Sources */ = {isa = PBXBuildFile; fileRef = 476758D9250A6398005E726E /* AppDelegate.swift */; };
		476758DC250A6398005E726E /* SceneDelegate.swift in Sources */ = {isa = PBXBuildFile; fileRef = 476758DB250A6398005E726E /* SceneDelegate.swift */; };
		476758E3250A6399005E726E /* Assets.xcassets in Resources */ = {isa = PBXBuildFile; fileRef = 476758E2250A6399005E726E /* Assets.xcassets */; };
		476758E6250A6399005E726E /* LaunchScreen.storyboard in Resources */ = {isa = PBXBuildFile; fileRef = 476758E4250A6399005E726E /* LaunchScreen.storyboard */; };
		476758F4250A663A005E726E /* GoogleService-Info.plist in Resources */ = {isa = PBXBuildFile; fileRef = 476758F3250A663A005E726E /* GoogleService-Info.plist */; };
		47AC697B250B10D000A16053 /* ECButton.swift in Sources */ = {isa = PBXBuildFile; fileRef = 47AC697A250B10D000A16053 /* ECButton.swift */; };
		47AC697E250B110400A16053 /* ECTextField.swift in Sources */ = {isa = PBXBuildFile; fileRef = 47AC697D250B110400A16053 /* ECTextField.swift */; };
		47AC6980250B113100A16053 /* UIView+Ext.swift in Sources */ = {isa = PBXBuildFile; fileRef = 47AC697F250B113100A16053 /* UIView+Ext.swift */; };
		47AC6982250B114700A16053 /* UIColor+Ext.swift in Sources */ = {isa = PBXBuildFile; fileRef = 47AC6981250B114700A16053 /* UIColor+Ext.swift */; };
		47AC6984250B116000A16053 /* UIViewController+Ext.swift in Sources */ = {isa = PBXBuildFile; fileRef = 47AC6983250B116000A16053 /* UIViewController+Ext.swift */; };
		47AC6986250B117A00A16053 /* Bindable.swift in Sources */ = {isa = PBXBuildFile; fileRef = 47AC6985250B117A00A16053 /* Bindable.swift */; };
		CDD6DA0BDAF580919DEBEE0C /* Pods_E_Customs_Admin.framework in Frameworks */ = {isa = PBXBuildFile; fileRef = AFFF634ADA54DF89D7D8AEB2 /* Pods_E_Customs_Admin.framework */; };
/* End PBXBuildFile section */

/* Begin PBXFileReference section */
		04B299E5B6E6FC37F500BA58 /* Pods-E Customs Admin.release.xcconfig */ = {isa = PBXFileReference; includeInIndex = 1; lastKnownFileType = text.xcconfig; name = "Pods-E Customs Admin.release.xcconfig"; path = "Target Support Files/Pods-E Customs Admin/Pods-E Customs Admin.release.xcconfig"; sourceTree = "<group>"; };
		476758D6250A6398005E726E /* E Customs Admin.app */ = {isa = PBXFileReference; explicitFileType = wrapper.application; includeInIndex = 0; path = "E Customs Admin.app"; sourceTree = BUILT_PRODUCTS_DIR; };
		476758D9250A6398005E726E /* AppDelegate.swift */ = {isa = PBXFileReference; lastKnownFileType = sourcecode.swift; path = AppDelegate.swift; sourceTree = "<group>"; };
		476758DB250A6398005E726E /* SceneDelegate.swift */ = {isa = PBXFileReference; lastKnownFileType = sourcecode.swift; path = SceneDelegate.swift; sourceTree = "<group>"; };
		476758E2250A6399005E726E /* Assets.xcassets */ = {isa = PBXFileReference; lastKnownFileType = folder.assetcatalog; path = Assets.xcassets; sourceTree = "<group>"; };
		476758E5250A6399005E726E /* Base */ = {isa = PBXFileReference; lastKnownFileType = file.storyboard; name = Base; path = Base.lproj/LaunchScreen.storyboard; sourceTree = "<group>"; };
		476758E7250A6399005E726E /* Info.plist */ = {isa = PBXFileReference; lastKnownFileType = text.plist.xml; path = Info.plist; sourceTree = "<group>"; };
		476758F3250A663A005E726E /* GoogleService-Info.plist */ = {isa = PBXFileReference; fileEncoding = 4; lastKnownFileType = text.plist.xml; path = "GoogleService-Info.plist"; sourceTree = "<group>"; };
		47AC697A250B10D000A16053 /* ECButton.swift */ = {isa = PBXFileReference; lastKnownFileType = sourcecode.swift; path = ECButton.swift; sourceTree = "<group>"; };
		47AC697D250B110400A16053 /* ECTextField.swift */ = {isa = PBXFileReference; lastKnownFileType = sourcecode.swift; path = ECTextField.swift; sourceTree = "<group>"; };
		47AC697F250B113100A16053 /* UIView+Ext.swift */ = {isa = PBXFileReference; lastKnownFileType = sourcecode.swift; path = "UIView+Ext.swift"; sourceTree = "<group>"; };
		47AC6981250B114700A16053 /* UIColor+Ext.swift */ = {isa = PBXFileReference; lastKnownFileType = sourcecode.swift; path = "UIColor+Ext.swift"; sourceTree = "<group>"; };
		47AC6983250B116000A16053 /* UIViewController+Ext.swift */ = {isa = PBXFileReference; lastKnownFileType = sourcecode.swift; path = "UIViewController+Ext.swift"; sourceTree = "<group>"; };
		47AC6985250B117A00A16053 /* Bindable.swift */ = {isa = PBXFileReference; lastKnownFileType = sourcecode.swift; path = Bindable.swift; sourceTree = "<group>"; };
		94CEC4D8F315C597F1FE6B52 /* Pods-E Customs Admin.debug.xcconfig */ = {isa = PBXFileReference; includeInIndex = 1; lastKnownFileType = text.xcconfig; name = "Pods-E Customs Admin.debug.xcconfig"; path = "Target Support Files/Pods-E Customs Admin/Pods-E Customs Admin.debug.xcconfig"; sourceTree = "<group>"; };
		AFFF634ADA54DF89D7D8AEB2 /* Pods_E_Customs_Admin.framework */ = {isa = PBXFileReference; explicitFileType = wrapper.framework; includeInIndex = 0; path = Pods_E_Customs_Admin.framework; sourceTree = BUILT_PRODUCTS_DIR; };
/* End PBXFileReference section */

/* Begin PBXFrameworksBuildPhase section */
		476758D3250A6398005E726E /* Frameworks */ = {
			isa = PBXFrameworksBuildPhase;
			buildActionMask = 2147483647;
			files = (
				CDD6DA0BDAF580919DEBEE0C /* Pods_E_Customs_Admin.framework in Frameworks */,
			);
			runOnlyForDeploymentPostprocessing = 0;
		};
/* End PBXFrameworksBuildPhase section */

/* Begin PBXGroup section */
		18522F2A3204D2F0CD974471 /* Frameworks */ = {
			isa = PBXGroup;
			children = (
				AFFF634ADA54DF89D7D8AEB2 /* Pods_E_Customs_Admin.framework */,
			);
			name = Frameworks;
			sourceTree = "<group>";
		};
		476758CD250A6398005E726E = {
			isa = PBXGroup;
			children = (
				476758D8250A6398005E726E /* E Customs Admin */,
				476758D7250A6398005E726E /* Products */,
				BC2E953F242B1F2CADF6040E /* Pods */,
				18522F2A3204D2F0CD974471 /* Frameworks */,
			);
			sourceTree = "<group>";
		};
		476758D7250A6398005E726E /* Products */ = {
			isa = PBXGroup;
			children = (
				476758D6250A6398005E726E /* E Customs Admin.app */,
			);
			name = Products;
			sourceTree = "<group>";
		};
		476758D8250A6398005E726E /* E Customs Admin */ = {
			isa = PBXGroup;
			children = (
				476758EE250A657A005E726E /* Model */,
				476758EF250A6580005E726E /* Custom Views */,
				476758F0250A6589005E726E /* Scenes */,
				476758F1250A6598005E726E /* Extensions */,
				476758F2250A65A2005E726E /* Helper */,
				476758ED250A6562005E726E /* Support Files */,
			);
			path = "E Customs Admin";
			sourceTree = "<group>";
		};
		476758ED250A6562005E726E /* Support Files */ = {
			isa = PBXGroup;
			children = (
				476758DB250A6398005E726E /* SceneDelegate.swift */,
				476758D9250A6398005E726E /* AppDelegate.swift */,
				476758E2250A6399005E726E /* Assets.xcassets */,
				476758E4250A6399005E726E /* LaunchScreen.storyboard */,
				476758E7250A6399005E726E /* Info.plist */,
				476758F3250A663A005E726E /* GoogleService-Info.plist */,
			);
			name = "Support Files";
			sourceTree = "<group>";
		};
		476758EE250A657A005E726E /* Model */ = {
			isa = PBXGroup;
			children = (
			);
			name = Model;
			sourceTree = "<group>";
		};
		476758EF250A6580005E726E /* Custom Views */ = {
			isa = PBXGroup;
			children = (
				47AC6979250B10BA00A16053 /* Buttons */,
				47AC697C250B10F000A16053 /* Text Fields */,
			);
			name = "Custom Views";
			sourceTree = "<group>";
		};
		476758F0250A6589005E726E /* Scenes */ = {
			isa = PBXGroup;
			children = (
			);
			name = Scenes;
			sourceTree = "<group>";
		};
		476758F1250A6598005E726E /* Extensions */ = {
			isa = PBXGroup;
			children = (
				47AC697F250B113100A16053 /* UIView+Ext.swift */,
				47AC6981250B114700A16053 /* UIColor+Ext.swift */,
				47AC6983250B116000A16053 /* UIViewController+Ext.swift */,
			);
			name = Extensions;
			sourceTree = "<group>";
		};
		476758F2250A65A2005E726E /* Helper */ = {
			isa = PBXGroup;
			children = (
				47AC6985250B117A00A16053 /* Bindable.swift */,
			);
			name = Helper;
			sourceTree = "<group>";
		};
		47AC6979250B10BA00A16053 /* Buttons */ = {
			isa = PBXGroup;
			children = (
				47AC697A250B10D000A16053 /* ECButton.swift */,
			);
			name = Buttons;
			sourceTree = "<group>";
		};
		47AC697C250B10F000A16053 /* Text Fields */ = {
			isa = PBXGroup;
			children = (
				47AC697D250B110400A16053 /* ECTextField.swift */,
			);
			name = "Text Fields";
			sourceTree = "<group>";
		};
		BC2E953F242B1F2CADF6040E /* Pods */ = {
			isa = PBXGroup;
			children = (
				94CEC4D8F315C597F1FE6B52 /* Pods-E Customs Admin.debug.xcconfig */,
				04B299E5B6E6FC37F500BA58 /* Pods-E Customs Admin.release.xcconfig */,
			);
			path = Pods;
			sourceTree = "<group>";
		};
/* End PBXGroup section */

/* Begin PBXNativeTarget section */
		476758D5250A6398005E726E /* E Customs Admin */ = {
			isa = PBXNativeTarget;
			buildConfigurationList = 476758EA250A6399005E726E /* Build configuration list for PBXNativeTarget "E Customs Admin" */;
			buildPhases = (
				6D1181E554D511FD1B11939C /* [CP] Check Pods Manifest.lock */,
				476758D2250A6398005E726E /* Sources */,
				476758D3250A6398005E726E /* Frameworks */,
				476758D4250A6398005E726E /* Resources */,
				EDA1A74005748016C5F430E4 /* [CP] Embed Pods Frameworks */,
			);
			buildRules = (
			);
			dependencies = (
			);
			name = "E Customs Admin";
			productName = "E Customs Admin";
			productReference = 476758D6250A6398005E726E /* E Customs Admin.app */;
			productType = "com.apple.product-type.application";
		};
/* End PBXNativeTarget section */

/* Begin PBXProject section */
		476758CE250A6398005E726E /* Project object */ = {
			isa = PBXProject;
			attributes = {
				LastSwiftUpdateCheck = 1170;
				LastUpgradeCheck = 1170;
				ORGANIZATIONNAME = "Hansa Anuradha";
				TargetAttributes = {
					476758D5250A6398005E726E = {
						CreatedOnToolsVersion = 11.7;
					};
				};
			};
			buildConfigurationList = 476758D1250A6398005E726E /* Build configuration list for PBXProject "E Customs Admin" */;
			compatibilityVersion = "Xcode 9.3";
			developmentRegion = en;
			hasScannedForEncodings = 0;
			knownRegions = (
				en,
				Base,
			);
			mainGroup = 476758CD250A6398005E726E;
			productRefGroup = 476758D7250A6398005E726E /* Products */;
			projectDirPath = "";
			projectRoot = "";
			targets = (
				476758D5250A6398005E726E /* E Customs Admin */,
			);
		};
/* End PBXProject section */

/* Begin PBXResourcesBuildPhase section */
		476758D4250A6398005E726E /* Resources */ = {
			isa = PBXResourcesBuildPhase;
			buildActionMask = 2147483647;
			files = (
				476758E6250A6399005E726E /* LaunchScreen.storyboard in Resources */,
				476758E3250A6399005E726E /* Assets.xcassets in Resources */,
				476758F4250A663A005E726E /* GoogleService-Info.plist in Resources */,
			);
			runOnlyForDeploymentPostprocessing = 0;
		};
/* End PBXResourcesBuildPhase section */

/* Begin PBXShellScriptBuildPhase section */
		6D1181E554D511FD1B11939C /* [CP] Check Pods Manifest.lock */ = {
			isa = PBXShellScriptBuildPhase;
			buildActionMask = 2147483647;
			files = (
			);
			inputFileListPaths = (
			);
			inputPaths = (
				"${PODS_PODFILE_DIR_PATH}/Podfile.lock",
				"${PODS_ROOT}/Manifest.lock",
			);
			name = "[CP] Check Pods Manifest.lock";
			outputFileListPaths = (
			);
			outputPaths = (
				"$(DERIVED_FILE_DIR)/Pods-E Customs Admin-checkManifestLockResult.txt",
			);
			runOnlyForDeploymentPostprocessing = 0;
			shellPath = /bin/sh;
			shellScript = "diff \"${PODS_PODFILE_DIR_PATH}/Podfile.lock\" \"${PODS_ROOT}/Manifest.lock\" > /dev/null\nif [ $? != 0 ] ; then\n    # print error to STDERR\n    echo \"error: The sandbox is not in sync with the Podfile.lock. Run 'pod install' or update your CocoaPods installation.\" >&2\n    exit 1\nfi\n# This output is used by Xcode 'outputs' to avoid re-running this script phase.\necho \"SUCCESS\" > \"${SCRIPT_OUTPUT_FILE_0}\"\n";
			showEnvVarsInLog = 0;
		};
		EDA1A74005748016C5F430E4 /* [CP] Embed Pods Frameworks */ = {
			isa = PBXShellScriptBuildPhase;
			buildActionMask = 2147483647;
			files = (
			);
			inputFileListPaths = (
				"${PODS_ROOT}/Target Support Files/Pods-E Customs Admin/Pods-E Customs Admin-frameworks-${CONFIGURATION}-input-files.xcfilelist",
			);
			name = "[CP] Embed Pods Frameworks";
			outputFileListPaths = (
				"${PODS_ROOT}/Target Support Files/Pods-E Customs Admin/Pods-E Customs Admin-frameworks-${CONFIGURATION}-output-files.xcfilelist",
			);
			runOnlyForDeploymentPostprocessing = 0;
			shellPath = /bin/sh;
			shellScript = "\"${PODS_ROOT}/Target Support Files/Pods-E Customs Admin/Pods-E Customs Admin-frameworks.sh\"\n";
			showEnvVarsInLog = 0;
		};
/* End PBXShellScriptBuildPhase section */

/* Begin PBXSourcesBuildPhase section */
		476758D2250A6398005E726E /* Sources */ = {
			isa = PBXSourcesBuildPhase;
			buildActionMask = 2147483647;
			files = (
				476758DA250A6398005E726E /* AppDelegate.swift in Sources */,
				47AC697E250B110400A16053 /* ECTextField.swift in Sources */,
				47AC6986250B117A00A16053 /* Bindable.swift in Sources */,
				47AC6984250B116000A16053 /* UIViewController+Ext.swift in Sources */,
				47AC6980250B113100A16053 /* UIView+Ext.swift in Sources */,
				47AC6982250B114700A16053 /* UIColor+Ext.swift in Sources */,
				47AC697B250B10D000A16053 /* ECButton.swift in Sources */,
				476758DC250A6398005E726E /* SceneDelegate.swift in Sources */,
			);
			runOnlyForDeploymentPostprocessing = 0;
		};
/* End PBXSourcesBuildPhase section */

/* Begin PBXVariantGroup section */
		476758E4250A6399005E726E /* LaunchScreen.storyboard */ = {
			isa = PBXVariantGroup;
			children = (
				476758E5250A6399005E726E /* Base */,
			);
			name = LaunchScreen.storyboard;
			sourceTree = "<group>";
		};
/* End PBXVariantGroup section */

/* Begin XCBuildConfiguration section */
		476758E8250A6399005E726E /* Debug */ = {
			isa = XCBuildConfiguration;
			buildSettings = {
				ALWAYS_SEARCH_USER_PATHS = NO;
				CLANG_ANALYZER_NONNULL = YES;
				CLANG_ANALYZER_NUMBER_OBJECT_CONVERSION = YES_AGGRESSIVE;
				CLANG_CXX_LANGUAGE_STANDARD = "gnu++14";
				CLANG_CXX_LIBRARY = "libc++";
				CLANG_ENABLE_MODULES = YES;
				CLANG_ENABLE_OBJC_ARC = YES;
				CLANG_ENABLE_OBJC_WEAK = YES;
				CLANG_WARN_BLOCK_CAPTURE_AUTORELEASING = YES;
				CLANG_WARN_BOOL_CONVERSION = YES;
				CLANG_WARN_COMMA = YES;
				CLANG_WARN_CONSTANT_CONVERSION = YES;
				CLANG_WARN_DEPRECATED_OBJC_IMPLEMENTATIONS = YES;
				CLANG_WARN_DIRECT_OBJC_ISA_USAGE = YES_ERROR;
				CLANG_WARN_DOCUMENTATION_COMMENTS = YES;
				CLANG_WARN_EMPTY_BODY = YES;
				CLANG_WARN_ENUM_CONVERSION = YES;
				CLANG_WARN_INFINITE_RECURSION = YES;
				CLANG_WARN_INT_CONVERSION = YES;
				CLANG_WARN_NON_LITERAL_NULL_CONVERSION = YES;
				CLANG_WARN_OBJC_IMPLICIT_RETAIN_SELF = YES;
				CLANG_WARN_OBJC_LITERAL_CONVERSION = YES;
				CLANG_WARN_OBJC_ROOT_CLASS = YES_ERROR;
				CLANG_WARN_RANGE_LOOP_ANALYSIS = YES;
				CLANG_WARN_STRICT_PROTOTYPES = YES;
				CLANG_WARN_SUSPICIOUS_MOVE = YES;
				CLANG_WARN_UNGUARDED_AVAILABILITY = YES_AGGRESSIVE;
				CLANG_WARN_UNREACHABLE_CODE = YES;
				CLANG_WARN__DUPLICATE_METHOD_MATCH = YES;
				COPY_PHASE_STRIP = NO;
				DEBUG_INFORMATION_FORMAT = dwarf;
				ENABLE_STRICT_OBJC_MSGSEND = YES;
				ENABLE_TESTABILITY = YES;
				GCC_C_LANGUAGE_STANDARD = gnu11;
				GCC_DYNAMIC_NO_PIC = NO;
				GCC_NO_COMMON_BLOCKS = YES;
				GCC_OPTIMIZATION_LEVEL = 0;
				GCC_PREPROCESSOR_DEFINITIONS = (
					"DEBUG=1",
					"$(inherited)",
				);
				GCC_WARN_64_TO_32_BIT_CONVERSION = YES;
				GCC_WARN_ABOUT_RETURN_TYPE = YES_ERROR;
				GCC_WARN_UNDECLARED_SELECTOR = YES;
				GCC_WARN_UNINITIALIZED_AUTOS = YES_AGGRESSIVE;
				GCC_WARN_UNUSED_FUNCTION = YES;
				GCC_WARN_UNUSED_VARIABLE = YES;
				IPHONEOS_DEPLOYMENT_TARGET = 13.7;
				MTL_ENABLE_DEBUG_INFO = INCLUDE_SOURCE;
				MTL_FAST_MATH = YES;
				ONLY_ACTIVE_ARCH = YES;
				SDKROOT = iphoneos;
				SWIFT_ACTIVE_COMPILATION_CONDITIONS = DEBUG;
				SWIFT_OPTIMIZATION_LEVEL = "-Onone";
			};
			name = Debug;
		};
		476758E9250A6399005E726E /* Release */ = {
			isa = XCBuildConfiguration;
			buildSettings = {
				ALWAYS_SEARCH_USER_PATHS = NO;
				CLANG_ANALYZER_NONNULL = YES;
				CLANG_ANALYZER_NUMBER_OBJECT_CONVERSION = YES_AGGRESSIVE;
				CLANG_CXX_LANGUAGE_STANDARD = "gnu++14";
				CLANG_CXX_LIBRARY = "libc++";
				CLANG_ENABLE_MODULES = YES;
				CLANG_ENABLE_OBJC_ARC = YES;
				CLANG_ENABLE_OBJC_WEAK = YES;
				CLANG_WARN_BLOCK_CAPTURE_AUTORELEASING = YES;
				CLANG_WARN_BOOL_CONVERSION = YES;
				CLANG_WARN_COMMA = YES;
				CLANG_WARN_CONSTANT_CONVERSION = YES;
				CLANG_WARN_DEPRECATED_OBJC_IMPLEMENTATIONS = YES;
				CLANG_WARN_DIRECT_OBJC_ISA_USAGE = YES_ERROR;
				CLANG_WARN_DOCUMENTATION_COMMENTS = YES;
				CLANG_WARN_EMPTY_BODY = YES;
				CLANG_WARN_ENUM_CONVERSION = YES;
				CLANG_WARN_INFINITE_RECURSION = YES;
				CLANG_WARN_INT_CONVERSION = YES;
				CLANG_WARN_NON_LITERAL_NULL_CONVERSION = YES;
				CLANG_WARN_OBJC_IMPLICIT_RETAIN_SELF = YES;
				CLANG_WARN_OBJC_LITERAL_CONVERSION = YES;
				CLANG_WARN_OBJC_ROOT_CLASS = YES_ERROR;
				CLANG_WARN_RANGE_LOOP_ANALYSIS = YES;
				CLANG_WARN_STRICT_PROTOTYPES = YES;
				CLANG_WARN_SUSPICIOUS_MOVE = YES;
				CLANG_WARN_UNGUARDED_AVAILABILITY = YES_AGGRESSIVE;
				CLANG_WARN_UNREACHABLE_CODE = YES;
				CLANG_WARN__DUPLICATE_METHOD_MATCH = YES;
				COPY_PHASE_STRIP = NO;
				DEBUG_INFORMATION_FORMAT = "dwarf-with-dsym";
				ENABLE_NS_ASSERTIONS = NO;
				ENABLE_STRICT_OBJC_MSGSEND = YES;
				GCC_C_LANGUAGE_STANDARD = gnu11;
				GCC_NO_COMMON_BLOCKS = YES;
				GCC_WARN_64_TO_32_BIT_CONVERSION = YES;
				GCC_WARN_ABOUT_RETURN_TYPE = YES_ERROR;
				GCC_WARN_UNDECLARED_SELECTOR = YES;
				GCC_WARN_UNINITIALIZED_AUTOS = YES_AGGRESSIVE;
				GCC_WARN_UNUSED_FUNCTION = YES;
				GCC_WARN_UNUSED_VARIABLE = YES;
				IPHONEOS_DEPLOYMENT_TARGET = 13.7;
				MTL_ENABLE_DEBUG_INFO = NO;
				MTL_FAST_MATH = YES;
				SDKROOT = iphoneos;
				SWIFT_COMPILATION_MODE = wholemodule;
				SWIFT_OPTIMIZATION_LEVEL = "-O";
				VALIDATE_PRODUCT = YES;
			};
			name = Release;
		};
		476758EB250A6399005E726E /* Debug */ = {
			isa = XCBuildConfiguration;
			baseConfigurationReference = 94CEC4D8F315C597F1FE6B52 /* Pods-E Customs Admin.debug.xcconfig */;
			buildSettings = {
				ASSETCATALOG_COMPILER_APPICON_NAME = AppIcon;
				CODE_SIGN_STYLE = Automatic;
				DEVELOPMENT_TEAM = 7BXSU3YQGA;
				INFOPLIST_FILE = "E Customs Admin/Info.plist";
				LD_RUNPATH_SEARCH_PATHS = (
					"$(inherited)",
					"@executable_path/Frameworks",
				);
				PRODUCT_BUNDLE_IDENTIFIER = "com.castleCode.E-Customs-Admin";
				PRODUCT_NAME = "$(TARGET_NAME)";
				SWIFT_VERSION = 5.0;
				TARGETED_DEVICE_FAMILY = 1;
			};
			name = Debug;
		};
		476758EC250A6399005E726E /* Release */ = {
			isa = XCBuildConfiguration;
			baseConfigurationReference = 04B299E5B6E6FC37F500BA58 /* Pods-E Customs Admin.release.xcconfig */;
			buildSettings = {
				ASSETCATALOG_COMPILER_APPICON_NAME = AppIcon;
				CODE_SIGN_STYLE = Automatic;
				DEVELOPMENT_TEAM = 7BXSU3YQGA;
				INFOPLIST_FILE = "E Customs Admin/Info.plist";
				LD_RUNPATH_SEARCH_PATHS = (
					"$(inherited)",
					"@executable_path/Frameworks",
				);
				PRODUCT_BUNDLE_IDENTIFIER = "com.castleCode.E-Customs-Admin";
				PRODUCT_NAME = "$(TARGET_NAME)";
				SWIFT_VERSION = 5.0;
				TARGETED_DEVICE_FAMILY = 1;
			};
			name = Release;
		};
/* End XCBuildConfiguration section */

/* Begin XCConfigurationList section */
		476758D1250A6398005E726E /* Build configuration list for PBXProject "E Customs Admin" */ = {
			isa = XCConfigurationList;
			buildConfigurations = (
				476758E8250A6399005E726E /* Debug */,
				476758E9250A6399005E726E /* Release */,
			);
			defaultConfigurationIsVisible = 0;
			defaultConfigurationName = Release;
		};
		476758EA250A6399005E726E /* Build configuration list for PBXNativeTarget "E Customs Admin" */ = {
			isa = XCConfigurationList;
			buildConfigurations = (
				476758EB250A6399005E726E /* Debug */,
				476758EC250A6399005E726E /* Release */,
			);
			defaultConfigurationIsVisible = 0;
			defaultConfigurationName = Release;
		};
/* End XCConfigurationList section */
	};
	rootObject = 476758CE250A6398005E726E /* Project object */;
}
